
Microsoft Visual Studio Solution File, Format Version 12.00
# Visual Studio Version 17
VisualStudioVersion = 17.0.31919.166
MinimumVisualStudioVersion = 10.0.40219.1
Project("{2150E333-8FDC-42A3-9474-1A3956D46DE8}") = "Задачи по C-sharp", "Задачи по C-sharp", "{A7F829A2-2988-4E15-AC47-4A47BFD001F1}"
EndProject
Project("{FAE04EC0-301F-11D3-BF4B-00C04F79EFBC}") = "Hello World", "Задачи по C-sharp\Hello_World\Hello World.csproj", "{DE22EB7F-90C7-4BCD-941D-53BF94C5C9AB}"
EndProject
Project("{FAE04EC0-301F-11D3-BF4B-00C04F79EFBC}") = "Ввод и вывод данных", "Задачи по C-sharp\Ввод и вывод данных\Ввод и вывод данных.csproj", "{17116D16-03F1-4788-85DC-E5EB1551CB19}"
EndProject
Project("{FAE04EC0-301F-11D3-BF4B-00C04F79EFBC}") = "Калькулятор", "Задачи по C-sharp\Калькулятор\Калькулятор.csproj", "{FDF5A4C2-30C5-4961-A14D-33CF91480996}"
EndProject
Project("{FAE04EC0-301F-11D3-BF4B-00C04F79EFBC}") = "Сравнение двух чисел", "Задачи по C-sharp\Сравнение двух чисел\Сравнение двух чисел.csproj", "{E2DFAEA9-B293-4F77-8986-082B74A653A3}"
EndProject
Project("{2150E333-8FDC-42A3-9474-1A3956D46DE8}") = "ООП", "ООП", "{67E796CD-44E5-4AE7-BD2B-1C1BFD3D1B85}"
EndProject
Global
	GlobalSection(SolutionConfigurationPlatforms) = preSolution
		Debug|Any CPU = Debug|Any CPU
		Release|Any CPU = Release|Any CPU
	EndGlobalSection
	GlobalSection(ProjectConfigurationPlatforms) = postSolution
		{DE22EB7F-90C7-4BCD-941D-53BF94C5C9AB}.Debug|Any CPU.ActiveCfg = Debug|Any CPU
		{DE22EB7F-90C7-4BCD-941D-53BF94C5C9AB}.Debug|Any CPU.Build.0 = Debug|Any CPU
		{DE22EB7F-90C7-4BCD-941D-53BF94C5C9AB}.Release|Any CPU.ActiveCfg = Release|Any CPU
		{DE22EB7F-90C7-4BCD-941D-53BF94C5C9AB}.Release|Any CPU.Build.0 = Release|Any CPU
		{17116D16-03F1-4788-85DC-E5EB1551CB19}.Debug|Any CPU.ActiveCfg = Debug|Any CPU
		{17116D16-03F1-4788-85DC-E5EB1551CB19}.Debug|Any CPU.Build.0 = Debug|Any CPU
		{17116D16-03F1-4788-85DC-E5EB1551CB19}.Release|Any CPU.ActiveCfg = Release|Any CPU
		{17116D16-03F1-4788-85DC-E5EB1551CB19}.Release|Any CPU.Build.0 = Release|Any CPU
		{FDF5A4C2-30C5-4961-A14D-33CF91480996}.Debug|Any CPU.ActiveCfg = Debug|Any CPU
		{FDF5A4C2-30C5-4961-A14D-33CF91480996}.Debug|Any CPU.Build.0 = Debug|Any CPU
		{FDF5A4C2-30C5-4961-A14D-33CF91480996}.Release|Any CPU.ActiveCfg = Release|Any CPU
		{FDF5A4C2-30C5-4961-A14D-33CF91480996}.Release|Any CPU.Build.0 = Release|Any CPU
		{E2DFAEA9-B293-4F77-8986-082B74A653A3}.Debug|Any CPU.ActiveCfg = Debug|Any CPU
		{E2DFAEA9-B293-4F77-8986-082B74A653A3}.Debug|Any CPU.Build.0 = Debug|Any CPU
		{E2DFAEA9-B293-4F77-8986-082B74A653A3}.Release|Any CPU.ActiveCfg = Release|Any CPU
		{E2DFAEA9-B293-4F77-8986-082B74A653A3}.Release|Any CPU.Build.0 = Release|Any CPU
	EndGlobalSection
	GlobalSection(SolutionProperties) = preSolution
		HideSolutionNode = FALSE
	EndGlobalSection
	GlobalSection(NestedProjects) = preSolution
		{DE22EB7F-90C7-4BCD-941D-53BF94C5C9AB} = {A7F829A2-2988-4E15-AC47-4A47BFD001F1}
		{17116D16-03F1-4788-85DC-E5EB1551CB19} = {A7F829A2-2988-4E15-AC47-4A47BFD001F1}
		{FDF5A4C2-30C5-4961-A14D-33CF91480996} = {A7F829A2-2988-4E15-AC47-4A47BFD001F1}
		{E2DFAEA9-B293-4F77-8986-082B74A653A3} = {A7F829A2-2988-4E15-AC47-4A47BFD001F1}
	EndGlobalSection
	GlobalSection(ExtensibilityGlobals) = postSolution
		SolutionGuid = {CF9E4125-2E12-4043-BEFA-7FC9033951E4}
	EndGlobalSection
EndGlobal
