
Microsoft Visual Studio Solution File, Format Version 12.00
# Visual Studio Version 17
VisualStudioVersion = 17.0.31919.166
MinimumVisualStudioVersion = 10.0.40219.1
Project("{FAE04EC0-301F-11D3-BF4B-00C04F79EFBC}") = "Task1", "Task1\Task1.csproj", "{3F358AF5-5BA3-410A-9BE9-746CE94E2EB6}"
EndProject
Project("{FAE04EC0-301F-11D3-BF4B-00C04F79EFBC}") = "Task2", "Task2\Task2.csproj", "{8BA4E2D3-D053-4891-82EB-22C0F2682A65}"
EndProject
Project("{FAE04EC0-301F-11D3-BF4B-00C04F79EFBC}") = "Task3", "Task3\Task3.csproj", "{B1604607-18D2-40AF-8D16-06FC4D842203}"
EndProject
Global
	GlobalSection(SolutionConfigurationPlatforms) = preSolution
		Debug|Any CPU = Debug|Any CPU
		Release|Any CPU = Release|Any CPU
	EndGlobalSection
	GlobalSection(ProjectConfigurationPlatforms) = postSolution
		{3F358AF5-5BA3-410A-9BE9-746CE94E2EB6}.Debug|Any CPU.ActiveCfg = Debug|Any CPU
		{3F358AF5-5BA3-410A-9BE9-746CE94E2EB6}.Debug|Any CPU.Build.0 = Debug|Any CPU
		{3F358AF5-5BA3-410A-9BE9-746CE94E2EB6}.Release|Any CPU.ActiveCfg = Release|Any CPU
		{3F358AF5-5BA3-410A-9BE9-746CE94E2EB6}.Release|Any CPU.Build.0 = Release|Any CPU
		{8BA4E2D3-D053-4891-82EB-22C0F2682A65}.Debug|Any CPU.ActiveCfg = Debug|Any CPU
		{8BA4E2D3-D053-4891-82EB-22C0F2682A65}.Debug|Any CPU.Build.0 = Debug|Any CPU
		{8BA4E2D3-D053-4891-82EB-22C0F2682A65}.Release|Any CPU.ActiveCfg = Release|Any CPU
		{8BA4E2D3-D053-4891-82EB-22C0F2682A65}.Release|Any CPU.Build.0 = Release|Any CPU
		{B1604607-18D2-40AF-8D16-06FC4D842203}.Debug|Any CPU.ActiveCfg = Debug|Any CPU
		{B1604607-18D2-40AF-8D16-06FC4D842203}.Debug|Any CPU.Build.0 = Debug|Any CPU
		{B1604607-18D2-40AF-8D16-06FC4D842203}.Release|Any CPU.ActiveCfg = Release|Any CPU
		{B1604607-18D2-40AF-8D16-06FC4D842203}.Release|Any CPU.Build.0 = Release|Any CPU
	EndGlobalSection
	GlobalSection(SolutionProperties) = preSolution
		HideSolutionNode = FALSE
	EndGlobalSection
	GlobalSection(ExtensibilityGlobals) = postSolution
		SolutionGuid = {AC10EB59-8D9C-4C92-9653-02EE2FEDD71D}
	EndGlobalSection
EndGlobal
